{
    "_readme": [
        "This file locks the dependencies of your project to a known state",
        "Read more about it at https://getcomposer.org/doc/01-basic-usage.md#installing-dependencies",
        "This file is @generated automatically"
    ],
    "content-hash": "8cf37b83d2253329bde78baea0ea5922",
    "packages": [
        {
            "name": "mariusmandal/wpoo",
            "version": "dev-master",
            "source": {
                "type": "git",
                "url": "https://github.com/mariusmandal/WPOO.git",
                "reference": "ca2c7b70aae0d45466add2be039f3bffd4674317"
            },
            "require": {
                "php": ">=5.3.0"
            },
            "default-branch": true,
            "type": "library",
            "autoload": {
                "psr-0": {
                    "WPOO_": ""
                }
            },
            "license": [
                "MIT"
            ],
            "authors": [
                {
                    "name": "Marius Mandal",
                    "email": "mariusmandal@gmail.com",
                    "homepage": "http://mariusmandal.no",
                    "role": "Developer"
                }
            ],
            "description": "Helper classes for object-oriented wordpress themes",
            "homepage": "https://github.com/mariusmandal/WPOO",
            "keywords": [
                "themes",
                "wordpress"
            ],
            "time": "2019-09-09T12:43:29+00:00"
        },
        {
            "name": "symfony/deprecation-contracts",
            "version": "dev-main",
            "source": {
                "type": "git",
                "url": "https://github.com/symfony/deprecation-contracts.git",
                "reference": "6f981ee24cf69ee7ce9736146d1c57c2780598a8"
            },
            "dist": {
                "type": "zip",
                "url": "https://api.github.com/repos/symfony/deprecation-contracts/zipball/6f981ee24cf69ee7ce9736146d1c57c2780598a8",
                "reference": "6f981ee24cf69ee7ce9736146d1c57c2780598a8",
                "shasum": ""
            },
            "require": {
                "php": ">=7.1"
            },
            "default-branch": true,
            "type": "library",
            "extra": {
                "branch-alias": {
                    "dev-main": "2.5-dev"
                },
                "thanks": {
                    "name": "symfony/contracts",
                    "url": "https://github.com/symfony/contracts"
                }
            },
            "autoload": {
                "files": [
                    "function.php"
                ]
            },
            "notification-url": "https://packagist.org/downloads/",
            "license": [
                "MIT"
            ],
            "authors": [
                {
                    "name": "Nicolas Grekas",
                    "email": "p@tchwork.com"
                },
                {
                    "name": "Symfony Community",
                    "homepage": "https://symfony.com/contributors"
                }
            ],
            "description": "A generic function and convention to trigger deprecation notices",
            "homepage": "https://symfony.com",
            "support": {
                "source": "https://github.com/symfony/deprecation-contracts/tree/main"
            },
            "funding": [
                {
                    "url": "https://symfony.com/sponsor",
                    "type": "custom"
                },
                {
                    "url": "https://github.com/fabpot",
                    "type": "github"
                },
                {
                    "url": "https://tidelift.com/funding/github/packagist/symfony/symfony",
                    "type": "tidelift"
                }
            ],
            "time": "2021-07-12T14:48:14+00:00"
        },
        {
            "name": "symfony/polyfill-ctype",
            "version": "dev-main",
            "source": {
                "type": "git",
                "url": "https://github.com/symfony/polyfill-ctype.git",
                "reference": "46cd95797e9df938fdd2b03693b5fca5e64b01ce"
            },
            "dist": {
                "type": "zip",
                "url": "https://api.github.com/repos/symfony/polyfill-ctype/zipball/46cd95797e9df938fdd2b03693b5fca5e64b01ce",
                "reference": "46cd95797e9df938fdd2b03693b5fca5e64b01ce",
                "shasum": ""
            },
            "require": {
                "php": ">=7.1"
            },
            "suggest": {
                "ext-ctype": "For best performance"
            },
            "default-branch": true,
            "type": "library",
            "extra": {
                "branch-alias": {
                    "dev-main": "1.23-dev"
                },
                "thanks": {
                    "name": "symfony/polyfill",
                    "url": "https://github.com/symfony/polyfill"
                }
            },
            "autoload": {
                "psr-4": {
                    "Symfony\\Polyfill\\Ctype\\": ""
                },
                "files": [
                    "bootstrap.php"
                ]
            },
            "notification-url": "https://packagist.org/downloads/",
            "license": [
                "MIT"
            ],
            "authors": [
                {
                    "name": "Gert de Pagter",
                    "email": "BackEndTea@gmail.com"
                },
                {
                    "name": "Symfony Community",
                    "homepage": "https://symfony.com/contributors"
                }
            ],
            "description": "Symfony polyfill for ctype functions",
            "homepage": "https://symfony.com",
            "keywords": [
                "compatibility",
                "ctype",
                "polyfill",
                "portable"
            ],
            "support": {
                "source": "https://github.com/symfony/polyfill-ctype/tree/v1.23.0"
            },
            "funding": [
                {
                    "url": "https://symfony.com/sponsor",
                    "type": "custom"
                },
                {
                    "url": "https://github.com/fabpot",
                    "type": "github"
                },
                {
                    "url": "https://tidelift.com/funding/github/packagist/symfony/symfony",
                    "type": "tidelift"
                }
            ],
            "time": "2021-02-19T12:13:01+00:00"
        },
        {
            "name": "symfony/polyfill-mbstring",
            "version": "dev-main",
            "source": {
                "type": "git",
                "url": "https://github.com/symfony/polyfill-mbstring.git",
                "reference": "9174a3d80210dca8daa7f31fec659150bbeabfc6"
            },
            "dist": {
                "type": "zip",
                "url": "https://api.github.com/repos/symfony/polyfill-mbstring/zipball/9174a3d80210dca8daa7f31fec659150bbeabfc6",
                "reference": "9174a3d80210dca8daa7f31fec659150bbeabfc6",
                "shasum": ""
            },
            "require": {
                "php": ">=7.1"
            },
            "suggest": {
                "ext-mbstring": "For best performance"
            },
            "default-branch": true,
            "type": "library",
            "extra": {
                "branch-alias": {
                    "dev-main": "1.23-dev"
                },
                "thanks": {
                    "name": "symfony/polyfill",
                    "url": "https://github.com/symfony/polyfill"
                }
            },
            "autoload": {
                "psr-4": {
                    "Symfony\\Polyfill\\Mbstring\\": ""
                },
                "files": [
                    "bootstrap.php"
                ]
            },
            "notification-url": "https://packagist.org/downloads/",
            "license": [
                "MIT"
            ],
            "authors": [
                {
                    "name": "Nicolas Grekas",
                    "email": "p@tchwork.com"
                },
                {
                    "name": "Symfony Community",
                    "homepage": "https://symfony.com/contributors"
                }
            ],
            "description": "Symfony polyfill for the Mbstring extension",
            "homepage": "https://symfony.com",
            "keywords": [
                "compatibility",
                "mbstring",
                "polyfill",
                "portable",
                "shim"
            ],
            "support": {
                "source": "https://github.com/symfony/polyfill-mbstring/tree/v1.23.1"
            },
            "funding": [
                {
                    "url": "https://symfony.com/sponsor",
                    "type": "custom"
                },
                {
                    "url": "https://github.com/fabpot",
                    "type": "github"
                },
                {
                    "url": "https://tidelift.com/funding/github/packagist/symfony/symfony",
                    "type": "tidelift"
                }
            ],
            "time": "2021-05-27T12:26:48+00:00"
        },
        {
            "name": "symfony/polyfill-php80",
            "version": "dev-main",
            "source": {
                "type": "git",
                "url": "https://github.com/symfony/polyfill-php80.git",
                "reference": "1100343ed1a92e3a38f9ae122fc0eb21602547be"
            },
            "dist": {
                "type": "zip",
                "url": "https://api.github.com/repos/symfony/polyfill-php80/zipball/1100343ed1a92e3a38f9ae122fc0eb21602547be",
                "reference": "1100343ed1a92e3a38f9ae122fc0eb21602547be",
                "shasum": ""
            },
            "require": {
                "php": ">=7.1"
            },
            "default-branch": true,
            "type": "library",
            "extra": {
                "branch-alias": {
                    "dev-main": "1.23-dev"
                },
                "thanks": {
                    "name": "symfony/polyfill",
                    "url": "https://github.com/symfony/polyfill"
                }
            },
            "autoload": {
                "psr-4": {
                    "Symfony\\Polyfill\\Php80\\": ""
                },
                "files": [
                    "bootstrap.php"
                ],
                "classmap": [
                    "Resources/stubs"
                ]
            },
            "notification-url": "https://packagist.org/downloads/",
            "license": [
                "MIT"
            ],
            "authors": [
                {
                    "name": "Ion Bazan",
                    "email": "ion.bazan@gmail.com"
                },
                {
                    "name": "Nicolas Grekas",
                    "email": "p@tchwork.com"
                },
                {
                    "name": "Symfony Community",
                    "homepage": "https://symfony.com/contributors"
                }
            ],
            "description": "Symfony polyfill backporting some PHP 8.0+ features to lower PHP versions",
            "homepage": "https://symfony.com",
            "keywords": [
                "compatibility",
                "polyfill",
                "portable",
                "shim"
            ],
            "support": {
                "source": "https://github.com/symfony/polyfill-php80/tree/v1.23.1"
            },
            "funding": [
                {
                    "url": "https://symfony.com/sponsor",
                    "type": "custom"
                },
                {
                    "url": "https://github.com/fabpot",
                    "type": "github"
                },
                {
                    "url": "https://tidelift.com/funding/github/packagist/symfony/symfony",
                    "type": "tidelift"
                }
            ],
            "time": "2021-07-28T13:41:28+00:00"
        },
        {
            "name": "symfony/polyfill-php81",
            "version": "dev-main",
            "source": {
                "type": "git",
                "url": "https://github.com/symfony/polyfill-php81.git",
                "reference": "e66119f3de95efc359483f810c4c3e6436279436"
            },
            "dist": {
                "type": "zip",
                "url": "https://api.github.com/repos/symfony/polyfill-php81/zipball/e66119f3de95efc359483f810c4c3e6436279436",
                "reference": "e66119f3de95efc359483f810c4c3e6436279436",
                "shasum": ""
            },
            "require": {
                "php": ">=7.1"
            },
            "default-branch": true,
            "type": "library",
            "extra": {
                "branch-alias": {
                    "dev-main": "1.23-dev"
                },
                "thanks": {
                    "name": "symfony/polyfill",
                    "url": "https://github.com/symfony/polyfill"
                }
            },
            "autoload": {
                "psr-4": {
                    "Symfony\\Polyfill\\Php81\\": ""
                },
                "files": [
                    "bootstrap.php"
                ],
                "classmap": [
                    "Resources/stubs"
                ]
            },
            "notification-url": "https://packagist.org/downloads/",
            "license": [
                "MIT"
            ],
            "authors": [
                {
                    "name": "Nicolas Grekas",
                    "email": "p@tchwork.com"
                },
                {
                    "name": "Symfony Community",
                    "homepage": "https://symfony.com/contributors"
                }
            ],
            "description": "Symfony polyfill backporting some PHP 8.1+ features to lower PHP versions",
            "homepage": "https://symfony.com",
            "keywords": [
                "compatibility",
                "polyfill",
                "portable",
                "shim"
            ],
            "support": {
                "source": "https://github.com/symfony/polyfill-php81/tree/v1.23.0"
            },
            "funding": [
                {
                    "url": "https://symfony.com/sponsor",
                    "type": "custom"
                },
                {
                    "url": "https://github.com/fabpot",
                    "type": "github"
                },
                {
                    "url": "https://tidelift.com/funding/github/packagist/symfony/symfony",
                    "type": "tidelift"
                }
            ],
            "time": "2021-05-21T13:25:03+00:00"
        },
        {
            "name": "symfony/yaml",
            "version": "5.4.x-dev",
            "source": {
                "type": "git",
                "url": "https://github.com/symfony/yaml.git",
                "reference": "2b3a8e5bfa1431c1660dfa6421a10ed6b5525464"
            },
            "dist": {
                "type": "zip",
                "url": "https://api.github.com/repos/symfony/yaml/zipball/2b3a8e5bfa1431c1660dfa6421a10ed6b5525464",
                "reference": "2b3a8e5bfa1431c1660dfa6421a10ed6b5525464",
                "shasum": ""
            },
            "require": {
                "php": ">=7.2.5",
                "symfony/deprecation-contracts": "^2.1",
                "symfony/polyfill-ctype": "^1.8",
                "symfony/polyfill-php80": "^1.16",
                "symfony/polyfill-php81": "^1.22"
            },
            "conflict": {
                "symfony/console": "<5.3"
            },
            "require-dev": {
                "symfony/console": "^5.3|^6.0"
            },
            "suggest": {
                "symfony/console": "For validating YAML files using the lint command"
            },
            "bin": [
                "Resources/bin/yaml-lint"
            ],
            "type": "library",
            "autoload": {
                "psr-4": {
                    "Symfony\\Component\\Yaml\\": ""
                },
                "exclude-from-classmap": [
                    "/Tests/"
                ]
            },
            "notification-url": "https://packagist.org/downloads/",
            "license": [
                "MIT"
            ],
            "authors": [
                {
                    "name": "Fabien Potencier",
                    "email": "fabien@symfony.com"
                },
                {
                    "name": "Symfony Community",
                    "homepage": "https://symfony.com/contributors"
                }
            ],
            "description": "Loads and dumps YAML files",
            "homepage": "https://symfony.com",
            "support": {
                "source": "https://github.com/symfony/yaml/tree/5.4"
            },
            "funding": [
                {
                    "url": "https://symfony.com/sponsor",
                    "type": "custom"
                },
                {
                    "url": "https://github.com/fabpot",
                    "type": "github"
                },
                {
                    "url": "https://tidelift.com/funding/github/packagist/symfony/symfony",
                    "type": "tidelift"
                }
            ],
            "time": "2021-08-14T21:43:09+00:00"
        },
        {
            "name": "twig/twig",
            "version": "3.x-dev",
            "source": {
                "type": "git",
                "url": "https://github.com/twigphp/Twig.git",
                "reference": "464842c41f63254eaf06a26489b773b956127f9d"
            },
            "dist": {
                "type": "zip",
                "url": "https://api.github.com/repos/twigphp/Twig/zipball/464842c41f63254eaf06a26489b773b956127f9d",
                "reference": "464842c41f63254eaf06a26489b773b956127f9d",
                "shasum": ""
            },
            "require": {
                "php": ">=7.2.5",
                "symfony/polyfill-ctype": "^1.8",
                "symfony/polyfill-mbstring": "^1.3"
            },
            "require-dev": {
                "psr/container": "^1.0",
                "symfony/phpunit-bridge": "^4.4.9|^5.0.9|^6.0"
            },
            "default-branch": true,
            "type": "library",
            "extra": {
                "branch-alias": {
                    "dev-master": "3.3-dev"
                }
            },
            "autoload": {
                "psr-4": {
                    "Twig\\": "src/"
                }
            },
            "notification-url": "https://packagist.org/downloads/",
            "license": [
                "BSD-3-Clause"
            ],
            "authors": [
                {
                    "name": "Fabien Potencier",
                    "email": "fabien@symfony.com",
                    "homepage": "http://fabien.potencier.org",
                    "role": "Lead Developer"
                },
                {
                    "name": "Twig Team",
                    "role": "Contributors"
                },
                {
                    "name": "Armin Ronacher",
                    "email": "armin.ronacher@active-4.com",
                    "role": "Project Founder"
                }
            ],
            "description": "Twig, the flexible, fast, and secure template language for PHP",
            "homepage": "https://twig.symfony.com",
            "keywords": [
                "templating"
            ],
            "support": {
                "issues": "https://github.com/twigphp/Twig/issues",
                "source": "https://github.com/twigphp/Twig/tree/3.x"
            },
            "funding": [
                {
                    "url": "https://github.com/fabpot",
                    "type": "github"
                },
                {
                    "url": "https://tidelift.com/funding/github/packagist/twig/twig",
                    "type": "tidelift"
                }
            ],
            "time": "2021-08-11T07:52:24+00:00"
        },
        {
            "name": "ukmnorge/design",
            "version": "dev-master",
            "source": {
                "type": "git",
                "url": "https://github.com/UKMNorge/UKMDesign.git",
                "reference": "e41edd2f829a0229d8d37e57ac58d6add2c505fe"
            },
            "dist": {
                "type": "zip",
                "url": "https://api.github.com/repos/UKMNorge/UKMDesign/zipball/e41edd2f829a0229d8d37e57ac58d6add2c505fe",
                "reference": "e41edd2f829a0229d8d37e57ac58d6add2c505fe",
                "shasum": ""
            },
            "require": {
                "symfony/yaml": ">=2.0",
                "twig/twig": "~1.0 || ~2.0 || ^3.0"
            },
            "default-branch": true,
            "type": "library",
            "autoload": {
                "psr-4": {
                    "UKMNorge\\Design\\": "Class/"
                }
            },
            "notification-url": "https://packagist.org/downloads/",
            "authors": [
                {
                    "name": "Asgeir Stavik Hustad",
                    "email": "asgeirsh@ukmmedia.no",
                    "role": "Developer"
                },
                {
                    "name": "Marius Mandal",
                    "email": "mariusmandal@ukm.no",
                    "role": "Lead Developer"
                }
            ],
            "description": "Felles design for UKM.no og undersider",
            "homepage": "https://github.com/UKMNorge/UKMDesign",
            "support": {
                "issues": "https://github.com/UKMNorge/UKMDesign/issues",
                "source": "https://github.com/UKMNorge/UKMDesign/tree/master"
            },
            "time": "2021-08-13T11:08:35+00:00"
        },
        {
            "name": "ukmnorge/designvanilla",
            "version": "dev-master",
            "source": {
                "type": "git",
                "url": "https://github.com/UKMNorge/UKMDesignVanilla.git",
                "reference": "26f8360780c716a5ac82defaede4877d6562859d"
            },
            "dist": {
                "type": "zip",
                "url": "https://api.github.com/repos/UKMNorge/UKMDesignVanilla/zipball/26f8360780c716a5ac82defaede4877d6562859d",
                "reference": "26f8360780c716a5ac82defaede4877d6562859d",
                "shasum": ""
            },
            "require": {
                "symfony/yaml": ">=2.0",
                "twig/twig": "^3.0",
                "ukmnorge/design": "dev-master"
            },
            "default-branch": true,
            "type": "library",
            "autoload": {
                "psr-4": {
                    "UKMNorge\\TemplateEngine\\": "TemplateEngine/"
                }
            },
            "notification-url": "https://packagist.org/downloads/",
            "authors": [
                {
                    "name": "Asgeir Stavik Hustad",
                    "email": "asgeirsh@ukmmedia.no",
                    "role": "Developer"
                },
                {
                    "name": "Marius Mandal",
                    "email": "mariusmandal@ukm.no",
                    "role": "Lead Developer"
                }
            ],
            "description": "Wrapper for UKM Design, brukt uten rammeverk",
            "homepage": "https://github.com/UKMNorge/UKMDesignVanilla",
            "support": {
                "issues": "https://github.com/UKMNorge/UKMDesignVanilla/issues",
                "source": "https://github.com/UKMNorge/UKMDesignVanilla/tree/master"
            },
            "time": "2021-06-23T08:27:01+00:00"
        }
    ],
    "packages-dev": [],
    "aliases": [],
    "minimum-stability": "dev",
    "stability-flags": {
        "mariusmandal/wpoo": 20,
        "ukmnorge/designvanilla": 20
    },
    "prefer-stable": false,
    "prefer-lowest": false,
    "platform": [],
    "platform-dev": [],
    "plugin-api-version": "2.1.0"
}
